
Microsoft Visual Studio Solution File, Format Version 12.00
# Visual Studio Version 16
VisualStudioVersion = 16.0.31702.278
MinimumVisualStudioVersion = 10.0.40219.1
Project("{8BC9CEB8-8B4A-11D0-8D11-00A0C91BC942}") = "Teeny-3", "Teeny-3.vcxproj", "{BF24F7F6-111B-467A-A2ED-3141C74E4DE8}"
EndProject
Global
	GlobalSection(SolutionConfigurationPlatforms) = preSolution
		Debug|x64 = Debug|x64
		Debug|x86 = Debug|x86
		Release|x64 = Release|x64
		Release|x86 = Release|x86
	EndGlobalSection
	GlobalSection(ProjectConfigurationPlatforms) = postSolution
		{BF24F7F6-111B-467A-A2ED-3141C74E4DE8}.Debug|x64.ActiveCfg = Debug|x64
		{BF24F7F6-111B-467A-A2ED-3141C74E4DE8}.Debug|x64.Build.0 = Debug|x64
		{BF24F7F6-111B-467A-A2ED-3141C74E4DE8}.Debug|x86.ActiveCfg = Debug|Win32
		{BF24F7F6-111B-467A-A2ED-3141C74E4DE8}.Debug|x86.Build.0 = Debug|Win32
		{BF24F7F6-111B-467A-A2ED-3141C74E4DE8}.Release|x64.ActiveCfg = Release|x64
		{BF24F7F6-111B-467A-A2ED-3141C74E4DE8}.Release|x64.Build.0 = Release|x64
		{BF24F7F6-111B-467A-A2ED-3141C74E4DE8}.Release|x86.ActiveCfg = Release|Win32
		{BF24F7F6-111B-467A-A2ED-3141C74E4DE8}.Release|x86.Build.0 = Release|Win32
	EndGlobalSection
	GlobalSection(SolutionProperties) = preSolution
		HideSolutionNode = FALSE
	EndGlobalSection
	GlobalSection(ExtensibilityGlobals) = postSolution
		SolutionGuid = {AA42504B-2411-47D4-ADA0-5505B62B8676}
	EndGlobalSection
EndGlobal
